{
  "name": "auto-kube",
  "lockfileVersion": 2,
  "requires": true,
  "packages": {
    "": {
      "dependencies": {
        "logrocket": "2.0.0",
        "logrocket-vuex": "0.0.3"
      },
      "devDependencies": {
        "@apollo/rover": "0.41.0"
      }
    },
    "node_modules/@apollo/rover": {
      "version": "0.41.0",
      "resolved": "https://registry.npmjs.org/@apollo/rover/-/rover-0.41.0.tgz",
      "integrity": "sha512-VWiIpXnWxlF0zpkYXep2G3X1q0vj7+9DCrJuEp3XMU99Iy8XqWIunIM4F0HCi9TrXaKevXUYJNSoOIOdLHjcnQ==",
      "dev": true,
      "bin": {
        "rover": "bin/rover.js"
      },
      "engines": {
        "node": ">=22.14.0"
      },
      "optionalDependencies": {
        "@apollo/rover-darwin-arm64": "0.41.0",
        "@apollo/rover-darwin-x64": "0.41.0",
        "@apollo/rover-linux-arm64": "0.41.0",
        "@apollo/rover-linux-x64": "0.41.0",
        "@apollo/rover-linux-x64-musl": "0.41.0",
        "@apollo/rover-win32-x64": "0.41.0"
      }
    },
    "node_modules/@apollo/rover-darwin-arm64": {
      "version": "0.41.0",
      "resolved": "https://registry.npmjs.org/@apollo/rover-darwin-arm64/-/rover-darwin-arm64-0.41.0.tgz",
      "integrity": "sha512-uadfb7l/Zk2Ei/Y7jGjV2+KtZ1aFLex1zQDi0P4tOuMNYojrIRulyn300r9+psOBXEGe91yhkqxGVoFkaSMPVQ==",
      "cpu": [
        "arm64"
      ],
      "dev": true,
      "optional": true,
      "os": [
        "darwin"
      ]
    },
    "node_modules/@apollo/rover-darwin-x64": {
      "version": "0.41.0",
      "resolved": "https://registry.npmjs.org/@apollo/rover-darwin-x64/-/rover-darwin-x64-0.41.0.tgz",
      "integrity": "sha512-uWZwispzx8jtSwNeGzu1S8OmTBUOflAAk0/qMpt11j2kIpOA0/kRj6VBjvgj99F7C3U284htStO6mJSCEFrIeQ==",
      "cpu": [
        "x64"
      ],
      "dev": true,
      "optional": true,
      "os": [
        "darwin"
      ]
    },
    "node_modules/@apollo/rover-linux-arm64": {
      "version": "0.41.0",
      "resolved": "https://registry.npmjs.org/@apollo/rover-linux-arm64/-/rover-linux-arm64-0.41.0.tgz",
      "integrity": "sha512-RCwSStADdWH1hOQp5o/JArV8sJbON7Csw3zFkQx5of0C6WnqziVvtSJPMi9Cx8/DCDL2DAFOeO/29SusPMs7VQ==",
      "cpu": [
        "arm64"
      ],
      "dev": true,
      "optional": true,
      "os": [
        "linux"
      ]
    },
    "node_modules/@apollo/rover-linux-x64": {
      "version": "0.41.0",
      "resolved": "https://registry.npmjs.org/@apollo/rover-linux-x64/-/rover-linux-x64-0.41.0.tgz",
      "integrity": "sha512-jqZ1KjEb6pXjjzpp67Qs5+kYebfEPaGi/4PqSrnWP/6brwmnOZUVm4wcJmQp1AtyJFrUzzAZ+nfaVepW+1oH0A==",
      "cpu": [
        "x64"
      ],
      "dev": true,
      "optional": true,
      "os": [
        "linux"
      ]
    },
    "node_modules/@apollo/rover-linux-x64-musl": {
      "version": "0.41.0",
      "resolved": "https://registry.npmjs.org/@apollo/rover-linux-x64-musl/-/rover-linux-x64-musl-0.41.0.tgz",
      "integrity": "sha512-3UHFw1gary64OsKeOQyvXgr34bg1FvmLcgGA949gJfWUMwS8gUWgK24YklbFyDB/1jxzm3HOjnu/j90taA4+hQ==",
      "cpu": [
        "x64"
      ],
      "dev": true,
      "optional": true,
      "os": [
        "linux"
      ]
    },
    "node_modules/@apollo/rover-win32-x64": {
      "version": "0.41.0",
      "resolved": "https://registry.npmjs.org/@apollo/rover-win32-x64/-/rover-win32-x64-0.41.0.tgz",
      "integrity": "sha512-yFYogA6hArzXGgJgLxff7R70SaUcxLeUbqSLSfT/nPowf6YtK4HTi1rXM2mDHgr+lQsfk7LiLnyomn+xYI9FIQ==",
      "cpu": [
        "x64"
      ],
      "dev": true,
      "optional": true,
      "os": [
        "win32"
      ]
    },
    "node_modules/logrocket": {
      "version": "2.0.0",
      "resolved": "https://registry.npmjs.org/logrocket/-/logrocket-2.0.0.tgz",
      "integrity": "sha512-O+YdrtpQn7oOmrxCqOyUcaB1+ONrhyJuB9CX57PQ0JJzNrYstxd0Oyg6UdLisA7UjNmwTr6fixMO3WOysDTFFA=="
    },
    "node_modules/logrocket-vuex": {
      "version": "0.0.3",
      "resolved": "https://registry.npmjs.org/logrocket-vuex/-/logrocket-vuex-0.0.3.tgz",
      "integrity": "sha1-4R1l04Twyf2scvmEQ2zAOK3z25A="
    }
  },
  "dependencies": {
    "@apollo/rover": {
      "version": "0.41.0",
      "resolved": "https://registry.npmjs.org/@apollo/rover/-/rover-0.41.0.tgz",
      "integrity": "sha512-VWiIpXnWxlF0zpkYXep2G3X1q0vj7+9DCrJuEp3XMU99Iy8XqWIunIM4F0HCi9TrXaKevXUYJNSoOIOdLHjcnQ==",
      "dev": true,
      "requires": {
        "@apollo/rover-darwin-arm64": "0.41.0",
        "@apollo/rover-darwin-x64": "0.41.0",
        "@apollo/rover-linux-arm64": "0.41.0",
        "@apollo/rover-linux-x64": "0.41.0",
        "@apollo/rover-linux-x64-musl": "0.41.0",
        "@apollo/rover-win32-x64": "0.41.0"
      }
    },
    "@apollo/rover-darwin-arm64": {
      "version": "0.41.0",
      "resolved": "https://registry.npmjs.org/@apollo/rover-darwin-arm64/-/rover-darwin-arm64-0.41.0.tgz",
      "integrity": "sha512-uadfb7l/Zk2Ei/Y7jGjV2+KtZ1aFLex1zQDi0P4tOuMNYojrIRulyn300r9+psOBXEGe91yhkqxGVoFkaSMPVQ==",
      "dev": true,
      "optional": true
    },
    "@apollo/rover-darwin-x64": {
      "version": "0.41.0",
      "resolved": "https://registry.npmjs.org/@apollo/rover-darwin-x64/-/rover-darwin-x64-0.41.0.tgz",
      "integrity": "sha512-uWZwispzx8jtSwNeGzu1S8OmTBUOflAAk0/qMpt11j2kIpOA0/kRj6VBjvgj99F7C3U284htStO6mJSCEFrIeQ==",
      "dev": true,
      "optional": true
    },
    "@apollo/rover-linux-arm64": {
      "version": "0.41.0",
      "resolved": "https://registry.npmjs.org/@apollo/rover-linux-arm64/-/rover-linux-arm64-0.41.0.tgz",
      "integrity": "sha512-RCwSStADdWH1hOQp5o/JArV8sJbON7Csw3zFkQx5of0C6WnqziVvtSJPMi9Cx8/DCDL2DAFOeO/29SusPMs7VQ==",
      "dev": true,
      "optional": true
    },
    "@apollo/rover-linux-x64": {
      "version": "0.41.0",
      "resolved": "https://registry.npmjs.org/@apollo/rover-linux-x64/-/rover-linux-x64-0.41.0.tgz",
      "integrity": "sha512-jqZ1KjEb6pXjjzpp67Qs5+kYebfEPaGi/4PqSrnWP/6brwmnOZUVm4wcJmQp1AtyJFrUzzAZ+nfaVepW+1oH0A==",
      "dev": true,
      "optional": true
    },
    "@apollo/rover-linux-x64-musl": {
      "version": "0.41.0",
      "resolved": "https://registry.npmjs.org/@apollo/rover-linux-x64-musl/-/rover-linux-x64-musl-0.41.0.tgz",
      "integrity": "sha512-3UHFw1gary64OsKeOQyvXgr34bg1FvmLcgGA949gJfWUMwS8gUWgK24YklbFyDB/1jxzm3HOjnu/j90taA4+hQ==",
      "dev": true,
      "optional": true
    },
    "@apollo/rover-win32-x64": {
      "version": "0.41.0",
      "resolved": "https://registry.npmjs.org/@apollo/rover-win32-x64/-/rover-win32-x64-0.41.0.tgz",
      "integrity": "sha512-yFYogA6hArzXGgJgLxff7R70SaUcxLeUbqSLSfT/nPowf6YtK4HTi1rXM2mDHgr+lQsfk7LiLnyomn+xYI9FIQ==",
      "dev": true,
      "optional": true
    },
    "logrocket": {
      "version": "2.0.0",
      "resolved": "https://registry.npmjs.org/logrocket/-/logrocket-2.0.0.tgz",
      "integrity": "sha512-O+YdrtpQn7oOmrxCqOyUcaB1+ONrhyJuB9CX57PQ0JJzNrYstxd0Oyg6UdLisA7UjNmwTr6fixMO3WOysDTFFA=="
    },
    "logrocket-vuex": {
      "version": "0.0.3",
      "resolved": "https://registry.npmjs.org/logrocket-vuex/-/logrocket-vuex-0.0.3.tgz",
      "integrity": "sha1-4R1l04Twyf2scvmEQ2zAOK3z25A="
    }
  }
}
